
Microsoft Visual Studio Solution File, Format Version 12.00
# Visual Studio 15
VisualStudioVersion = 15.0.28307.902
MinimumVisualStudioVersion = 10.0.40219.1
Project("{FAE04EC0-301F-11D3-BF4B-00C04F79EFBC}") = "MaxSumProject", "MaxSumProject\MaxSumProject.csproj", "{F1B7B49F-BC83-4AF5-900B-1D927CD655C8}"
EndProject
Project("{FAE04EC0-301F-11D3-BF4B-00C04F79EFBC}") = "NUnitTestMaxSumProject", "NUnitTestMaxSumProject\NUnitTestMaxSumProject.csproj", "{92D1510F-C05E-4F67-A667-BD5D8B9D185A}"
EndProject
Global
	GlobalSection(SolutionConfigurationPlatforms) = preSolution
		Debug|Any CPU = Debug|Any CPU
		Release|Any CPU = Release|Any CPU
	EndGlobalSection
	GlobalSection(ProjectConfigurationPlatforms) = postSolution
		{F1B7B49F-BC83-4AF5-900B-1D927CD655C8}.Debug|Any CPU.ActiveCfg = Debug|Any CPU
		{F1B7B49F-BC83-4AF5-900B-1D927CD655C8}.Debug|Any CPU.Build.0 = Debug|Any CPU
		{F1B7B49F-BC83-4AF5-900B-1D927CD655C8}.Release|Any CPU.ActiveCfg = Release|Any CPU
		{F1B7B49F-BC83-4AF5-900B-1D927CD655C8}.Release|Any CPU.Build.0 = Release|Any CPU
		{92D1510F-C05E-4F67-A667-BD5D8B9D185A}.Debug|Any CPU.ActiveCfg = Debug|Any CPU
		{92D1510F-C05E-4F67-A667-BD5D8B9D185A}.Debug|Any CPU.Build.0 = Debug|Any CPU
		{92D1510F-C05E-4F67-A667-BD5D8B9D185A}.Release|Any CPU.ActiveCfg = Release|Any CPU
		{92D1510F-C05E-4F67-A667-BD5D8B9D185A}.Release|Any CPU.Build.0 = Release|Any CPU
	EndGlobalSection
	GlobalSection(SolutionProperties) = preSolution
		HideSolutionNode = FALSE
	EndGlobalSection
	GlobalSection(ExtensibilityGlobals) = postSolution
		SolutionGuid = {914A709A-F0E8-4CBB-BF78-5631EBA74E9B}
	EndGlobalSection
EndGlobal
